
Microsoft Visual Studio Solution File, Format Version 12.00
# Visual Studio Version 17
VisualStudioVersion = 17.7.34024.191
MinimumVisualStudioVersion = 10.0.40219.1
Project("{FAE04EC0-301F-11D3-BF4B-00C04F79EFBC}") = "BEWebTopZone", "BEWebTopZone\BEWebTopZone.csproj", "{532F37DA-89B1-4C3A-913B-673F36694D6C}"
EndProject
Global
	GlobalSection(SolutionConfigurationPlatforms) = preSolution
		Debug|Any CPU = Debug|Any CPU
		Release|Any CPU = Release|Any CPU
	EndGlobalSection
	GlobalSection(ProjectConfigurationPlatforms) = postSolution
		{532F37DA-89B1-4C3A-913B-673F36694D6C}.Debug|Any CPU.ActiveCfg = Debug|Any CPU
		{532F37DA-89B1-4C3A-913B-673F36694D6C}.Debug|Any CPU.Build.0 = Debug|Any CPU
		{532F37DA-89B1-4C3A-913B-673F36694D6C}.Release|Any CPU.ActiveCfg = Release|Any CPU
		{532F37DA-89B1-4C3A-913B-673F36694D6C}.Release|Any CPU.Build.0 = Release|Any CPU
	EndGlobalSection
	GlobalSection(SolutionProperties) = preSolution
		HideSolutionNode = FALSE
	EndGlobalSection
	GlobalSection(ExtensibilityGlobals) = postSolution
		SolutionGuid = {2560F265-F351-497C-A452-3F5C9EDC9393}
	EndGlobalSection
EndGlobal
